{
    "name": "vue-fusion-weapp",
    "version": "1.0.0",
    "lockfileVersion": 1,
    "requires": true,
    "dependencies": {
        "es-module-lexer": {
            "version": "0.10.0",
            "resolved": "https://registry.npmjs.org/es-module-lexer/-/es-module-lexer-0.10.0.tgz",
            "integrity": "sha512-0fHYovx7ETE13wPL8zG/V+ElEgSeSwsgRVOvNZ+g/Y/2YyJq75+IEY4ZBr59vUZ3Voci1jBIktwpj8oODaWa+g=="
        }
    }
}
